
Microsoft Visual Studio Solution File, Format Version 12.00
# Visual Studio Version 17
VisualStudioVersion = 17.5.33627.172
MinimumVisualStudioVersion = 10.0.40219.1
Project("{FAE04EC0-301F-11D3-BF4B-00C04F79EFBC}") = "game", "game\game.csproj", "{B3A81CAD-3F91-4B74-8EB0-922A16F10649}"
EndProject
Global
	GlobalSection(SolutionConfigurationPlatforms) = preSolution
		Debug|Any CPU = Debug|Any CPU
		Release|Any CPU = Release|Any CPU
	EndGlobalSection
	GlobalSection(ProjectConfigurationPlatforms) = postSolution
		{B3A81CAD-3F91-4B74-8EB0-922A16F10649}.Debug|Any CPU.ActiveCfg = Debug|Any CPU
		{B3A81CAD-3F91-4B74-8EB0-922A16F10649}.Debug|Any CPU.Build.0 = Debug|Any CPU
		{B3A81CAD-3F91-4B74-8EB0-922A16F10649}.Release|Any CPU.ActiveCfg = Release|Any CPU
		{B3A81CAD-3F91-4B74-8EB0-922A16F10649}.Release|Any CPU.Build.0 = Release|Any CPU
	EndGlobalSection
	GlobalSection(SolutionProperties) = preSolution
		HideSolutionNode = FALSE
	EndGlobalSection
	GlobalSection(ExtensibilityGlobals) = postSolution
		SolutionGuid = {3D86F229-0B6A-41FF-9F60-625EF4F2E273}
	EndGlobalSection
EndGlobal
